
Microsoft Visual Studio Solution File, Format Version 12.00
# Visual Studio Version 17
VisualStudioVersion = 17.3.32825.248
MinimumVisualStudioVersion = 10.0.40219.1
Project("{2150E333-8FDC-42A3-9474-1A3956D46DE8}") = "Basic", "Basic", "{1545BFBB-2116-48CC-935F-A6077E3B5BC1}"
EndProject
Project("{9A19103F-16F7-4668-BE54-9A1E7A4F7556}") = "Gateway", "src\Basic\Gateway\Gateway.csproj", "{690825DB-5024-4BFB-B15F-E986165BDF64}"
EndProject
Project("{9A19103F-16F7-4668-BE54-9A1E7A4F7556}") = "ApiService", "src\Basic\ApiService\ApiService.csproj", "{0A05E8F7-FFEA-4A13-A6E3-3126BC252DE4}"
EndProject
Project("{2150E333-8FDC-42A3-9474-1A3956D46DE8}") = "MulitServices", "MulitServices", "{CD62C2CD-C9CD-4681-9772-1EEA1375F225}"
EndProject
Project("{9A19103F-16F7-4668-BE54-9A1E7A4F7556}") = "Gateway", "src\MulitServices\Gateway\Gateway.csproj", "{883BBD89-8ABF-4628-AA3D-F9A50F3EA28C}"
EndProject
Project("{9A19103F-16F7-4668-BE54-9A1E7A4F7556}") = "ApiCustomers", "src\MulitServices\APICustomers\ApiCustomers.csproj", "{0655FC23-D473-4C97-BBC0-E163F2E5E6D3}"
EndProject
Project("{9A19103F-16F7-4668-BE54-9A1E7A4F7556}") = "ApiProducts", "src\MulitServices\APIProducts\ApiProducts.csproj", "{FB1104A6-9B2B-40C4-83C3-EF86F219A1B9}"
EndProject
Project("{2150E333-8FDC-42A3-9474-1A3956D46DE8}") = "RequestAggregation", "RequestAggregation", "{D1FBB201-157B-4B9F-B90B-8B77F33283FC}"
EndProject
Project("{9A19103F-16F7-4668-BE54-9A1E7A4F7556}") = "Gateway", "src\RequestAggregation\Gateway\Gateway.csproj", "{33D78B27-A7B6-4689-96BA-B22B05D2A1CD}"
EndProject
Project("{9A19103F-16F7-4668-BE54-9A1E7A4F7556}") = "ApiUsers", "src\RequestAggregation\ApiUsers\ApiUsers.csproj", "{90403E5D-1C6D-4947-B3BF-958E01BCF9DA}"
EndProject
Project("{9A19103F-16F7-4668-BE54-9A1E7A4F7556}") = "ApiRoles", "src\RequestAggregation\ApiRoles\ApiRoles.csproj", "{3A43B86E-A3D3-4569-8FDA-6B125325A1BF}"
EndProject
Project("{2150E333-8FDC-42A3-9474-1A3956D46DE8}") = "Logging", "Logging", "{2AEF2059-C38A-4295-B54C-13E63129C7D3}"
EndProject
Project("{9A19103F-16F7-4668-BE54-9A1E7A4F7556}") = "Gateway", "src\Logging\Gateway\Gateway.csproj", "{ECA123E2-C21E-40EE-A7D9-1EDF9C6327D5}"
EndProject
Project("{9A19103F-16F7-4668-BE54-9A1E7A4F7556}") = "ApiCustomers", "src\Logging\ApiCustomers\ApiCustomers.csproj", "{CE262AB4-C049-4FAD-A699-2095BE972BB0}"
EndProject
Project("{2150E333-8FDC-42A3-9474-1A3956D46DE8}") = "Auth", "Auth", "{4732E9B7-28A8-47AC-8FC5-1747A6E72769}"
EndProject
Project("{9A19103F-16F7-4668-BE54-9A1E7A4F7556}") = "Gateway", "src\Auth\Gateway\Gateway.csproj", "{61EFBA1C-19FC-4952-9F35-09E26DA59903}"
EndProject
Project("{9A19103F-16F7-4668-BE54-9A1E7A4F7556}") = "ApiCustomers", "src\Auth\ApiCustomers\ApiCustomers.csproj", "{84015F73-9808-47F2-8C30-83B2E1CFB87B}"
EndProject
Project("{2150E333-8FDC-42A3-9474-1A3956D46DE8}") = "RateLimit", "RateLimit", "{0CACE58A-D630-4544-B2F2-8248B772D829}"
EndProject
Project("{9A19103F-16F7-4668-BE54-9A1E7A4F7556}") = "Gateway", "src\RateLimit\Gateway\Gateway.csproj", "{0C57CBD6-1F0A-4D38-B3E8-EE061B303E6D}"
EndProject
Project("{9A19103F-16F7-4668-BE54-9A1E7A4F7556}") = "ApiCustomers", "src\RateLimit\ApiCustomers\ApiCustomers.csproj", "{A1AAD822-812B-48E7-B6BE-07C4DB6184E3}"
EndProject
Project("{2150E333-8FDC-42A3-9474-1A3956D46DE8}") = "Caching", "Caching", "{945BE1B4-24C4-4581-B28D-2384B9D7596B}"
EndProject
Project("{9A19103F-16F7-4668-BE54-9A1E7A4F7556}") = "Gateway", "src\Caching\Caching\Gateway.csproj", "{C958071E-16C9-4829-8A6C-30A7AE96BDF9}"
EndProject
Project("{9A19103F-16F7-4668-BE54-9A1E7A4F7556}") = "ApiCustomers", "src\Caching\ApiCustomers\ApiCustomers.csproj", "{9C847BCD-8C1D-425B-B16E-873D43879134}"
EndProject
Project("{2150E333-8FDC-42A3-9474-1A3956D46DE8}") = "LoadBalance", "LoadBalance", "{53818B1F-BCCF-417B-9563-62BF55D47BE6}"
EndProject
Project("{FAE04EC0-301F-11D3-BF4B-00C04F79EFBC}") = "Gateway", "src\LoadBalance\Gateway\Gateway.csproj", "{E5AD7069-7A0E-4CB4-9B16-4135087AB58F}"
EndProject
Project("{FAE04EC0-301F-11D3-BF4B-00C04F79EFBC}") = "ApiCustomersA", "src\LoadBalance\ApiCustomersA\ApiCustomersA.csproj", "{4A7EE8F7-DCC9-4C0F-AF31-5CFA7FF3CA81}"
EndProject
Project("{FAE04EC0-301F-11D3-BF4B-00C04F79EFBC}") = "ApiCustomersB", "src\LoadBalance\ApiCustomersB\ApiCustomersB.csproj", "{18A10B2F-E9A2-4DF8-AA76-44F3CD89573D}"
EndProject
Global
	GlobalSection(SolutionConfigurationPlatforms) = preSolution
		Debug|Any CPU = Debug|Any CPU
		Release|Any CPU = Release|Any CPU
	EndGlobalSection
	GlobalSection(ProjectConfigurationPlatforms) = postSolution
		{690825DB-5024-4BFB-B15F-E986165BDF64}.Debug|Any CPU.ActiveCfg = Debug|Any CPU
		{690825DB-5024-4BFB-B15F-E986165BDF64}.Debug|Any CPU.Build.0 = Debug|Any CPU
		{690825DB-5024-4BFB-B15F-E986165BDF64}.Release|Any CPU.ActiveCfg = Release|Any CPU
		{690825DB-5024-4BFB-B15F-E986165BDF64}.Release|Any CPU.Build.0 = Release|Any CPU
		{0A05E8F7-FFEA-4A13-A6E3-3126BC252DE4}.Debug|Any CPU.ActiveCfg = Debug|Any CPU
		{0A05E8F7-FFEA-4A13-A6E3-3126BC252DE4}.Debug|Any CPU.Build.0 = Debug|Any CPU
		{0A05E8F7-FFEA-4A13-A6E3-3126BC252DE4}.Release|Any CPU.ActiveCfg = Release|Any CPU
		{0A05E8F7-FFEA-4A13-A6E3-3126BC252DE4}.Release|Any CPU.Build.0 = Release|Any CPU
		{883BBD89-8ABF-4628-AA3D-F9A50F3EA28C}.Debug|Any CPU.ActiveCfg = Debug|Any CPU
		{883BBD89-8ABF-4628-AA3D-F9A50F3EA28C}.Debug|Any CPU.Build.0 = Debug|Any CPU
		{883BBD89-8ABF-4628-AA3D-F9A50F3EA28C}.Release|Any CPU.ActiveCfg = Release|Any CPU
		{883BBD89-8ABF-4628-AA3D-F9A50F3EA28C}.Release|Any CPU.Build.0 = Release|Any CPU
		{0655FC23-D473-4C97-BBC0-E163F2E5E6D3}.Debug|Any CPU.ActiveCfg = Debug|Any CPU
		{0655FC23-D473-4C97-BBC0-E163F2E5E6D3}.Debug|Any CPU.Build.0 = Debug|Any CPU
		{0655FC23-D473-4C97-BBC0-E163F2E5E6D3}.Release|Any CPU.ActiveCfg = Release|Any CPU
		{0655FC23-D473-4C97-BBC0-E163F2E5E6D3}.Release|Any CPU.Build.0 = Release|Any CPU
		{FB1104A6-9B2B-40C4-83C3-EF86F219A1B9}.Debug|Any CPU.ActiveCfg = Debug|Any CPU
		{FB1104A6-9B2B-40C4-83C3-EF86F219A1B9}.Debug|Any CPU.Build.0 = Debug|Any CPU
		{FB1104A6-9B2B-40C4-83C3-EF86F219A1B9}.Release|Any CPU.ActiveCfg = Release|Any CPU
		{FB1104A6-9B2B-40C4-83C3-EF86F219A1B9}.Release|Any CPU.Build.0 = Release|Any CPU
		{33D78B27-A7B6-4689-96BA-B22B05D2A1CD}.Debug|Any CPU.ActiveCfg = Debug|Any CPU
		{33D78B27-A7B6-4689-96BA-B22B05D2A1CD}.Debug|Any CPU.Build.0 = Debug|Any CPU
		{33D78B27-A7B6-4689-96BA-B22B05D2A1CD}.Release|Any CPU.ActiveCfg = Release|Any CPU
		{33D78B27-A7B6-4689-96BA-B22B05D2A1CD}.Release|Any CPU.Build.0 = Release|Any CPU
		{90403E5D-1C6D-4947-B3BF-958E01BCF9DA}.Debug|Any CPU.ActiveCfg = Debug|Any CPU
		{90403E5D-1C6D-4947-B3BF-958E01BCF9DA}.Debug|Any CPU.Build.0 = Debug|Any CPU
		{90403E5D-1C6D-4947-B3BF-958E01BCF9DA}.Release|Any CPU.ActiveCfg = Release|Any CPU
		{90403E5D-1C6D-4947-B3BF-958E01BCF9DA}.Release|Any CPU.Build.0 = Release|Any CPU
		{3A43B86E-A3D3-4569-8FDA-6B125325A1BF}.Debug|Any CPU.ActiveCfg = Debug|Any CPU
		{3A43B86E-A3D3-4569-8FDA-6B125325A1BF}.Debug|Any CPU.Build.0 = Debug|Any CPU
		{3A43B86E-A3D3-4569-8FDA-6B125325A1BF}.Release|Any CPU.ActiveCfg = Release|Any CPU
		{3A43B86E-A3D3-4569-8FDA-6B125325A1BF}.Release|Any CPU.Build.0 = Release|Any CPU
		{ECA123E2-C21E-40EE-A7D9-1EDF9C6327D5}.Debug|Any CPU.ActiveCfg = Debug|Any CPU
		{ECA123E2-C21E-40EE-A7D9-1EDF9C6327D5}.Debug|Any CPU.Build.0 = Debug|Any CPU
		{ECA123E2-C21E-40EE-A7D9-1EDF9C6327D5}.Release|Any CPU.ActiveCfg = Release|Any CPU
		{ECA123E2-C21E-40EE-A7D9-1EDF9C6327D5}.Release|Any CPU.Build.0 = Release|Any CPU
		{CE262AB4-C049-4FAD-A699-2095BE972BB0}.Debug|Any CPU.ActiveCfg = Debug|Any CPU
		{CE262AB4-C049-4FAD-A699-2095BE972BB0}.Debug|Any CPU.Build.0 = Debug|Any CPU
		{CE262AB4-C049-4FAD-A699-2095BE972BB0}.Release|Any CPU.ActiveCfg = Release|Any CPU
		{CE262AB4-C049-4FAD-A699-2095BE972BB0}.Release|Any CPU.Build.0 = Release|Any CPU
		{61EFBA1C-19FC-4952-9F35-09E26DA59903}.Debug|Any CPU.ActiveCfg = Debug|Any CPU
		{61EFBA1C-19FC-4952-9F35-09E26DA59903}.Debug|Any CPU.Build.0 = Debug|Any CPU
		{61EFBA1C-19FC-4952-9F35-09E26DA59903}.Release|Any CPU.ActiveCfg = Release|Any CPU
		{61EFBA1C-19FC-4952-9F35-09E26DA59903}.Release|Any CPU.Build.0 = Release|Any CPU
		{84015F73-9808-47F2-8C30-83B2E1CFB87B}.Debug|Any CPU.ActiveCfg = Debug|Any CPU
		{84015F73-9808-47F2-8C30-83B2E1CFB87B}.Debug|Any CPU.Build.0 = Debug|Any CPU
		{84015F73-9808-47F2-8C30-83B2E1CFB87B}.Release|Any CPU.ActiveCfg = Release|Any CPU
		{84015F73-9808-47F2-8C30-83B2E1CFB87B}.Release|Any CPU.Build.0 = Release|Any CPU
		{0C57CBD6-1F0A-4D38-B3E8-EE061B303E6D}.Debug|Any CPU.ActiveCfg = Debug|Any CPU
		{0C57CBD6-1F0A-4D38-B3E8-EE061B303E6D}.Debug|Any CPU.Build.0 = Debug|Any CPU
		{0C57CBD6-1F0A-4D38-B3E8-EE061B303E6D}.Release|Any CPU.ActiveCfg = Release|Any CPU
		{0C57CBD6-1F0A-4D38-B3E8-EE061B303E6D}.Release|Any CPU.Build.0 = Release|Any CPU
		{A1AAD822-812B-48E7-B6BE-07C4DB6184E3}.Debug|Any CPU.ActiveCfg = Debug|Any CPU
		{A1AAD822-812B-48E7-B6BE-07C4DB6184E3}.Debug|Any CPU.Build.0 = Debug|Any CPU
		{A1AAD822-812B-48E7-B6BE-07C4DB6184E3}.Release|Any CPU.ActiveCfg = Release|Any CPU
		{A1AAD822-812B-48E7-B6BE-07C4DB6184E3}.Release|Any CPU.Build.0 = Release|Any CPU
		{C958071E-16C9-4829-8A6C-30A7AE96BDF9}.Debug|Any CPU.ActiveCfg = Debug|Any CPU
		{C958071E-16C9-4829-8A6C-30A7AE96BDF9}.Debug|Any CPU.Build.0 = Debug|Any CPU
		{C958071E-16C9-4829-8A6C-30A7AE96BDF9}.Release|Any CPU.ActiveCfg = Release|Any CPU
		{C958071E-16C9-4829-8A6C-30A7AE96BDF9}.Release|Any CPU.Build.0 = Release|Any CPU
		{9C847BCD-8C1D-425B-B16E-873D43879134}.Debug|Any CPU.ActiveCfg = Debug|Any CPU
		{9C847BCD-8C1D-425B-B16E-873D43879134}.Debug|Any CPU.Build.0 = Debug|Any CPU
		{9C847BCD-8C1D-425B-B16E-873D43879134}.Release|Any CPU.ActiveCfg = Release|Any CPU
		{9C847BCD-8C1D-425B-B16E-873D43879134}.Release|Any CPU.Build.0 = Release|Any CPU
		{E5AD7069-7A0E-4CB4-9B16-4135087AB58F}.Debug|Any CPU.ActiveCfg = Debug|Any CPU
		{E5AD7069-7A0E-4CB4-9B16-4135087AB58F}.Debug|Any CPU.Build.0 = Debug|Any CPU
		{E5AD7069-7A0E-4CB4-9B16-4135087AB58F}.Release|Any CPU.ActiveCfg = Release|Any CPU
		{E5AD7069-7A0E-4CB4-9B16-4135087AB58F}.Release|Any CPU.Build.0 = Release|Any CPU
		{4A7EE8F7-DCC9-4C0F-AF31-5CFA7FF3CA81}.Debug|Any CPU.ActiveCfg = Debug|Any CPU
		{4A7EE8F7-DCC9-4C0F-AF31-5CFA7FF3CA81}.Debug|Any CPU.Build.0 = Debug|Any CPU
		{4A7EE8F7-DCC9-4C0F-AF31-5CFA7FF3CA81}.Release|Any CPU.ActiveCfg = Release|Any CPU
		{4A7EE8F7-DCC9-4C0F-AF31-5CFA7FF3CA81}.Release|Any CPU.Build.0 = Release|Any CPU
		{18A10B2F-E9A2-4DF8-AA76-44F3CD89573D}.Debug|Any CPU.ActiveCfg = Debug|Any CPU
		{18A10B2F-E9A2-4DF8-AA76-44F3CD89573D}.Debug|Any CPU.Build.0 = Debug|Any CPU
		{18A10B2F-E9A2-4DF8-AA76-44F3CD89573D}.Release|Any CPU.ActiveCfg = Release|Any CPU
		{18A10B2F-E9A2-4DF8-AA76-44F3CD89573D}.Release|Any CPU.Build.0 = Release|Any CPU
	EndGlobalSection
	GlobalSection(SolutionProperties) = preSolution
		HideSolutionNode = FALSE
	EndGlobalSection
	GlobalSection(NestedProjects) = preSolution
		{690825DB-5024-4BFB-B15F-E986165BDF64} = {1545BFBB-2116-48CC-935F-A6077E3B5BC1}
		{0A05E8F7-FFEA-4A13-A6E3-3126BC252DE4} = {1545BFBB-2116-48CC-935F-A6077E3B5BC1}
		{883BBD89-8ABF-4628-AA3D-F9A50F3EA28C} = {CD62C2CD-C9CD-4681-9772-1EEA1375F225}
		{0655FC23-D473-4C97-BBC0-E163F2E5E6D3} = {CD62C2CD-C9CD-4681-9772-1EEA1375F225}
		{FB1104A6-9B2B-40C4-83C3-EF86F219A1B9} = {CD62C2CD-C9CD-4681-9772-1EEA1375F225}
		{33D78B27-A7B6-4689-96BA-B22B05D2A1CD} = {D1FBB201-157B-4B9F-B90B-8B77F33283FC}
		{90403E5D-1C6D-4947-B3BF-958E01BCF9DA} = {D1FBB201-157B-4B9F-B90B-8B77F33283FC}
		{3A43B86E-A3D3-4569-8FDA-6B125325A1BF} = {D1FBB201-157B-4B9F-B90B-8B77F33283FC}
		{ECA123E2-C21E-40EE-A7D9-1EDF9C6327D5} = {2AEF2059-C38A-4295-B54C-13E63129C7D3}
		{CE262AB4-C049-4FAD-A699-2095BE972BB0} = {2AEF2059-C38A-4295-B54C-13E63129C7D3}
		{61EFBA1C-19FC-4952-9F35-09E26DA59903} = {4732E9B7-28A8-47AC-8FC5-1747A6E72769}
		{84015F73-9808-47F2-8C30-83B2E1CFB87B} = {4732E9B7-28A8-47AC-8FC5-1747A6E72769}
		{0C57CBD6-1F0A-4D38-B3E8-EE061B303E6D} = {0CACE58A-D630-4544-B2F2-8248B772D829}
		{A1AAD822-812B-48E7-B6BE-07C4DB6184E3} = {0CACE58A-D630-4544-B2F2-8248B772D829}
		{C958071E-16C9-4829-8A6C-30A7AE96BDF9} = {945BE1B4-24C4-4581-B28D-2384B9D7596B}
		{9C847BCD-8C1D-425B-B16E-873D43879134} = {945BE1B4-24C4-4581-B28D-2384B9D7596B}
		{E5AD7069-7A0E-4CB4-9B16-4135087AB58F} = {53818B1F-BCCF-417B-9563-62BF55D47BE6}
		{4A7EE8F7-DCC9-4C0F-AF31-5CFA7FF3CA81} = {53818B1F-BCCF-417B-9563-62BF55D47BE6}
		{18A10B2F-E9A2-4DF8-AA76-44F3CD89573D} = {53818B1F-BCCF-417B-9563-62BF55D47BE6}
	EndGlobalSection
	GlobalSection(ExtensibilityGlobals) = postSolution
		SolutionGuid = {5734580E-2303-4007-8C1D-4BE356DD943D}
	EndGlobalSection
EndGlobal
